// !$*UTF8*$!
{
	archiveVersion = 1;
	classes = {
	};
	objectVersion = 50;
	objects = {

/* Begin PBXBuildFile section */
		82360B632687568D00C6EA95 /* LoadingButtonView.swift in Sources */ = {isa = PBXBuildFile; fileRef = 82360B622687568D00C6EA95 /* LoadingButtonView.swift */; };
		82360B6C268758F400C6EA95 /* CardPaymentview.swift in Sources */ = {isa = PBXBuildFile; fileRef = 82360B6B268758F400C6EA95 /* CardPaymentview.swift */; };
		8253090C268628B500272F28 /* AboutUsView.swift in Sources */ = {isa = PBXBuildFile; fileRef = 8253090B268628B500272F28 /* AboutUsView.swift */; };
		826AA1EF2636008E001EFDBB /* OnBoardingView.swift in Sources */ = {isa = PBXBuildFile; fileRef = 826AA1EE2636008E001EFDBB /* OnBoardingView.swift */; };
		82B5D8502687606300432A00 /* AuthorizationWaysBottomSheet.swift in Sources */ = {isa = PBXBuildFile; fileRef = 82B5D84F2687606300432A00 /* AuthorizationWaysBottomSheet.swift */; };
		82B5D858268761AC00432A00 /* CodeVerificationView.swift in Sources */ = {isa = PBXBuildFile; fileRef = 82B5D857268761AC00432A00 /* CodeVerificationView.swift */; };
		82D9CB7B2686D7F6005FFB62 /* CatalogDefaultSearchView.swift in Sources */ = {isa = PBXBuildFile; fileRef = 82D9CB7A2686D7F6005FFB62 /* CatalogDefaultSearchView.swift */; };
		82D9CB842686D9E8005FFB62 /* View+Extensions.swift in Sources */ = {isa = PBXBuildFile; fileRef = 82D9CB832686D9E8005FFB62 /* View+Extensions.swift */; };
		82D9CB8D2686DA60005FFB62 /* CartView.swift in Sources */ = {isa = PBXBuildFile; fileRef = 82D9CB8C2686DA60005FFB62 /* CartView.swift */; };
		82D9CB992686DDCE005FFB62 /* IBottomSheetView.swift in Sources */ = {isa = PBXBuildFile; fileRef = 82D9CB982686DDCE005FFB62 /* IBottomSheetView.swift */; };
		82D9CB9E2686DF74005FFB62 /* TopNavigationHeaderView.swift in Sources */ = {isa = PBXBuildFile; fileRef = 82D9CB9D2686DF74005FFB62 /* TopNavigationHeaderView.swift */; };
		82D9CBA32686DFA7005FFB62 /* Image_Extensions.swift in Sources */ = {isa = PBXBuildFile; fileRef = 82D9CBA22686DFA7005FFB62 /* Image_Extensions.swift */; };
		82D9CBB92686EA6F005FFB62 /* AccountDetails.swift in Sources */ = {isa = PBXBuildFile; fileRef = 82D9CBB82686EA6F005FFB62 /* AccountDetails.swift */; };
		82D9CBBE2686EB13005FFB62 /* Color_Extensions.swift in Sources */ = {isa = PBXBuildFile; fileRef = 82D9CBBD2686EB13005FFB62 /* Color_Extensions.swift */; };
		82E8F2CB263D70F300ED2375 /* NotificationApprovalView.swift in Sources */ = {isa = PBXBuildFile; fileRef = 82E8F2CA263D70F300ED2375 /* NotificationApprovalView.swift */; };
		82E8F2D6263D724B00ED2375 /* OnBoardingStep.swift in Sources */ = {isa = PBXBuildFile; fileRef = 82E8F2D5263D724B00ED2375 /* OnBoardingStep.swift */; };
		82EC59482635EBDC009E5801 /* IshopApp.swift in Sources */ = {isa = PBXBuildFile; fileRef = 82EC59472635EBDC009E5801 /* IshopApp.swift */; };
		82EC594A2635EBDC009E5801 /* ContentView.swift in Sources */ = {isa = PBXBuildFile; fileRef = 82EC59492635EBDC009E5801 /* ContentView.swift */; };
		82EC594C2635EBDD009E5801 /* Assets.xcassets in Resources */ = {isa = PBXBuildFile; fileRef = 82EC594B2635EBDD009E5801 /* Assets.xcassets */; };
		82EC594F2635EBDD009E5801 /* Preview Assets.xcassets in Resources */ = {isa = PBXBuildFile; fileRef = 82EC594E2635EBDD009E5801 /* Preview Assets.xcassets */; };
		82EC59512635EBDD009E5801 /* Persistence.swift in Sources */ = {isa = PBXBuildFile; fileRef = 82EC59502635EBDD009E5801 /* Persistence.swift */; };
		82EC59542635EBDD009E5801 /* Ishop.xcdatamodeld in Sources */ = {isa = PBXBuildFile; fileRef = 82EC59522635EBDD009E5801 /* Ishop.xcdatamodeld */; };
		82EC595F2635EBDD009E5801 /* IshopTests.swift in Sources */ = {isa = PBXBuildFile; fileRef = 82EC595E2635EBDD009E5801 /* IshopTests.swift */; };
		82EC596A2635EBDD009E5801 /* IshopUITests.swift in Sources */ = {isa = PBXBuildFile; fileRef = 82EC59692635EBDD009E5801 /* IshopUITests.swift */; };
		82EC597B2635EBEB009E5801 /* CoreDataView.swift in Sources */ = {isa = PBXBuildFile; fileRef = 82EC597A2635EBEB009E5801 /* CoreDataView.swift */; };
		82EC59812635ED0C009E5801 /* SpashScreenView.swift in Sources */ = {isa = PBXBuildFile; fileRef = 82EC59802635ED0C009E5801 /* SpashScreenView.swift */; };
		82F195F3263E09A30079FA8B /* BottomOrderCardView.swift in Sources */ = {isa = PBXBuildFile; fileRef = 82F195F2263E09A30079FA8B /* BottomOrderCardView.swift */; };
		82F195FB263E114F0079FA8B /* CategoryDetailView.swift in Sources */ = {isa = PBXBuildFile; fileRef = 82F195FA263E114F0079FA8B /* CategoryDetailView.swift */; };
		82FC1228263DDDB400F73F4D /* LocationApprovalView.swift in Sources */ = {isa = PBXBuildFile; fileRef = 82FC1227263DDDB400F73F4D /* LocationApprovalView.swift */; };
		82FC122D263DDFF200F73F4D /* ChangeAddressView.swift in Sources */ = {isa = PBXBuildFile; fileRef = 82FC122C263DDFF200F73F4D /* ChangeAddressView.swift */; };
		82FC1232263DE6C700F73F4D /* CatalogHomeView.swift in Sources */ = {isa = PBXBuildFile; fileRef = 82FC1231263DE6C700F73F4D /* CatalogHomeView.swift */; };
		82FC1237263DE9A400F73F4D /* MainViewModel.swift in Sources */ = {isa = PBXBuildFile; fileRef = 82FC1236263DE9A400F73F4D /* MainViewModel.swift */; };
/* End PBXBuildFile section */

/* Begin PBXContainerItemProxy section */
		82EC595B2635EBDD009E5801 /* PBXContainerItemProxy */ = {
			isa = PBXContainerItemProxy;
			containerPortal = 82EC593C2635EBDC009E5801 /* Project object */;
			proxyType = 1;
			remoteGlobalIDString = 82EC59432635EBDC009E5801;
			remoteInfo = Ishop;
		};
		82EC59662635EBDD009E5801 /* PBXContainerItemProxy */ = {
			isa = PBXContainerItemProxy;
			containerPortal = 82EC593C2635EBDC009E5801 /* Project object */;
			proxyType = 1;
			remoteGlobalIDString = 82EC59432635EBDC009E5801;
			remoteInfo = Ishop;
		};
/* End PBXContainerItemProxy section */

/* Begin PBXFileReference section */
		82360B622687568D00C6EA95 /* LoadingButtonView.swift */ = {isa = PBXFileReference; lastKnownFileType = sourcecode.swift; path = LoadingButtonView.swift; sourceTree = "<group>"; };
		82360B6B268758F400C6EA95 /* CardPaymentview.swift */ = {isa = PBXFileReference; lastKnownFileType = sourcecode.swift; path = CardPaymentview.swift; sourceTree = "<group>"; };
		8253090B268628B500272F28 /* AboutUsView.swift */ = {isa = PBXFileReference; lastKnownFileType = sourcecode.swift; path = AboutUsView.swift; sourceTree = "<group>"; };
		826AA1EE2636008E001EFDBB /* OnBoardingView.swift */ = {isa = PBXFileReference; lastKnownFileType = sourcecode.swift; path = OnBoardingView.swift; sourceTree = "<group>"; };
		82B5D84F2687606300432A00 /* AuthorizationWaysBottomSheet.swift */ = {isa = PBXFileReference; lastKnownFileType = sourcecode.swift; path = AuthorizationWaysBottomSheet.swift; sourceTree = "<group>"; };
		82B5D857268761AC00432A00 /* CodeVerificationView.swift */ = {isa = PBXFileReference; lastKnownFileType = sourcecode.swift; path = CodeVerificationView.swift; sourceTree = "<group>"; };
		82D9CB7A2686D7F6005FFB62 /* CatalogDefaultSearchView.swift */ = {isa = PBXFileReference; lastKnownFileType = sourcecode.swift; path = CatalogDefaultSearchView.swift; sourceTree = "<group>"; };
		82D9CB832686D9E8005FFB62 /* View+Extensions.swift */ = {isa = PBXFileReference; lastKnownFileType = sourcecode.swift; path = "View+Extensions.swift"; sourceTree = "<group>"; };
		82D9CB8C2686DA60005FFB62 /* CartView.swift */ = {isa = PBXFileReference; lastKnownFileType = sourcecode.swift; path = CartView.swift; sourceTree = "<group>"; };
		82D9CB982686DDCE005FFB62 /* IBottomSheetView.swift */ = {isa = PBXFileReference; lastKnownFileType = sourcecode.swift; path = IBottomSheetView.swift; sourceTree = "<group>"; };
		82D9CB9D2686DF74005FFB62 /* TopNavigationHeaderView.swift */ = {isa = PBXFileReference; lastKnownFileType = sourcecode.swift; path = TopNavigationHeaderView.swift; sourceTree = "<group>"; };
		82D9CBA22686DFA7005FFB62 /* Image_Extensions.swift */ = {isa = PBXFileReference; lastKnownFileType = sourcecode.swift; path = Image_Extensions.swift; sourceTree = "<group>"; };
		82D9CBB82686EA6F005FFB62 /* AccountDetails.swift */ = {isa = PBXFileReference; lastKnownFileType = sourcecode.swift; path = AccountDetails.swift; sourceTree = "<group>"; };
		82D9CBBD2686EB13005FFB62 /* Color_Extensions.swift */ = {isa = PBXFileReference; lastKnownFileType = sourcecode.swift; path = Color_Extensions.swift; sourceTree = "<group>"; };
		82E8F2CA263D70F300ED2375 /* NotificationApprovalView.swift */ = {isa = PBXFileReference; lastKnownFileType = sourcecode.swift; path = NotificationApprovalView.swift; sourceTree = "<group>"; };
		82E8F2D5263D724B00ED2375 /* OnBoardingStep.swift */ = {isa = PBXFileReference; lastKnownFileType = sourcecode.swift; path = OnBoardingStep.swift; sourceTree = "<group>"; };
		82EC59442635EBDC009E5801 /* Ishop.app */ = {isa = PBXFileReference; explicitFileType = wrapper.application; includeInIndex = 0; path = Ishop.app; sourceTree = BUILT_PRODUCTS_DIR; };
		82EC59472635EBDC009E5801 /* IshopApp.swift */ = {isa = PBXFileReference; lastKnownFileType = sourcecode.swift; path = IshopApp.swift; sourceTree = "<group>"; };
		82EC59492635EBDC009E5801 /* ContentView.swift */ = {isa = PBXFileReference; lastKnownFileType = sourcecode.swift; path = ContentView.swift; sourceTree = "<group>"; };
		82EC594B2635EBDD009E5801 /* Assets.xcassets */ = {isa = PBXFileReference; lastKnownFileType = folder.assetcatalog; path = Assets.xcassets; sourceTree = "<group>"; };
		82EC594E2635EBDD009E5801 /* Preview Assets.xcassets */ = {isa = PBXFileReference; lastKnownFileType = folder.assetcatalog; path = "Preview Assets.xcassets"; sourceTree = "<group>"; };
		82EC59502635EBDD009E5801 /* Persistence.swift */ = {isa = PBXFileReference; lastKnownFileType = sourcecode.swift; path = Persistence.swift; sourceTree = "<group>"; };
		82EC59532635EBDD009E5801 /* Ishop.xcdatamodel */ = {isa = PBXFileReference; lastKnownFileType = wrapper.xcdatamodel; path = Ishop.xcdatamodel; sourceTree = "<group>"; };
		82EC59552635EBDD009E5801 /* Info.plist */ = {isa = PBXFileReference; lastKnownFileType = text.plist.xml; path = Info.plist; sourceTree = "<group>"; };
		82EC595A2635EBDD009E5801 /* IshopTests.xctest */ = {isa = PBXFileReference; explicitFileType = wrapper.cfbundle; includeInIndex = 0; path = IshopTests.xctest; sourceTree = BUILT_PRODUCTS_DIR; };
		82EC595E2635EBDD009E5801 /* IshopTests.swift */ = {isa = PBXFileReference; lastKnownFileType = sourcecode.swift; path = IshopTests.swift; sourceTree = "<group>"; };
		82EC59602635EBDD009E5801 /* Info.plist */ = {isa = PBXFileReference; lastKnownFileType = text.plist.xml; path = Info.plist; sourceTree = "<group>"; };
		82EC59652635EBDD009E5801 /* IshopUITests.xctest */ = {isa = PBXFileReference; explicitFileType = wrapper.cfbundle; includeInIndex = 0; path = IshopUITests.xctest; sourceTree = BUILT_PRODUCTS_DIR; };
		82EC59692635EBDD009E5801 /* IshopUITests.swift */ = {isa = PBXFileReference; lastKnownFileType = sourcecode.swift; path = IshopUITests.swift; sourceTree = "<group>"; };
		82EC596B2635EBDD009E5801 /* Info.plist */ = {isa = PBXFileReference; lastKnownFileType = text.plist.xml; path = Info.plist; sourceTree = "<group>"; };
		82EC597A2635EBEB009E5801 /* CoreDataView.swift */ = {isa = PBXFileReference; lastKnownFileType = sourcecode.swift; path = CoreDataView.swift; sourceTree = "<group>"; };
		82EC59802635ED0C009E5801 /* SpashScreenView.swift */ = {isa = PBXFileReference; lastKnownFileType = sourcecode.swift; path = SpashScreenView.swift; sourceTree = "<group>"; };
		82F195F2263E09A30079FA8B /* BottomOrderCardView.swift */ = {isa = PBXFileReference; lastKnownFileType = sourcecode.swift; path = BottomOrderCardView.swift; sourceTree = "<group>"; };
		82F195FA263E114F0079FA8B /* CategoryDetailView.swift */ = {isa = PBXFileReference; lastKnownFileType = sourcecode.swift; path = CategoryDetailView.swift; sourceTree = "<group>"; };
		82FC1227263DDDB400F73F4D /* LocationApprovalView.swift */ = {isa = PBXFileReference; lastKnownFileType = sourcecode.swift; path = LocationApprovalView.swift; sourceTree = "<group>"; };
		82FC122C263DDFF200F73F4D /* ChangeAddressView.swift */ = {isa = PBXFileReference; lastKnownFileType = sourcecode.swift; path = ChangeAddressView.swift; sourceTree = "<group>"; };
		82FC1231263DE6C700F73F4D /* CatalogHomeView.swift */ = {isa = PBXFileReference; lastKnownFileType = sourcecode.swift; path = CatalogHomeView.swift; sourceTree = "<group>"; };
		82FC1236263DE9A400F73F4D /* MainViewModel.swift */ = {isa = PBXFileReference; lastKnownFileType = sourcecode.swift; path = MainViewModel.swift; sourceTree = "<group>"; };
/* End PBXFileReference section */

/* Begin PBXFrameworksBuildPhase section */
		82EC59412635EBDC009E5801 /* Frameworks */ = {
			isa = PBXFrameworksBuildPhase;
			buildActionMask = 2147483647;
			files = (
			);
			runOnlyForDeploymentPostprocessing = 0;
		};
		82EC59572635EBDD009E5801 /* Frameworks */ = {
			isa = PBXFrameworksBuildPhase;
			buildActionMask = 2147483647;
			files = (
			);
			runOnlyForDeploymentPostprocessing = 0;
		};
		82EC59622635EBDD009E5801 /* Frameworks */ = {
			isa = PBXFrameworksBuildPhase;
			buildActionMask = 2147483647;
			files = (
			);
			runOnlyForDeploymentPostprocessing = 0;
		};
/* End PBXFrameworksBuildPhase section */

/* Begin PBXGroup section */
		82360B6A268758DC00C6EA95 /* Accounting */ = {
			isa = PBXGroup;
			children = (
				82D9CBB82686EA6F005FFB62 /* AccountDetails.swift */,
				82360B6B268758F400C6EA95 /* CardPaymentview.swift */,
			);
			path = Accounting;
			sourceTree = "<group>";
		};
		8253090A2686289000272F28 /* OptionalViews */ = {
			isa = PBXGroup;
			children = (
				8253090B268628B500272F28 /* AboutUsView.swift */,
			);
			path = OptionalViews;
			sourceTree = "<group>";
		};
		82B5D8462687603500432A00 /* Authentication */ = {
			isa = PBXGroup;
			children = (
				82B5D84F2687606300432A00 /* AuthorizationWaysBottomSheet.swift */,
				82B5D857268761AC00432A00 /* CodeVerificationView.swift */,
			);
			path = Authentication;
			sourceTree = "<group>";
		};
		82D9CB792686D7E3005FFB62 /* New Group */ = {
			isa = PBXGroup;
			children = (
			);
			path = "New Group";
			sourceTree = "<group>";
		};
		82D9CB822686D9D8005FFB62 /* Extensions */ = {
			isa = PBXGroup;
			children = (
				82D9CB832686D9E8005FFB62 /* View+Extensions.swift */,
				82D9CBBD2686EB13005FFB62 /* Color_Extensions.swift */,
				82D9CBA22686DFA7005FFB62 /* Image_Extensions.swift */,
			);
			path = Extensions;
			sourceTree = "<group>";
		};
		82D9CB8B2686DA55005FFB62 /* Carts */ = {
			isa = PBXGroup;
			children = (
				82D9CB8C2686DA60005FFB62 /* CartView.swift */,
				82360B6A268758DC00C6EA95 /* Accounting */,
			);
			path = Carts;
			sourceTree = "<group>";
		};
		82D9CB972686DDC4005FFB62 /* Utilities */ = {
			isa = PBXGroup;
			children = (
				82D9CB9D2686DF74005FFB62 /* TopNavigationHeaderView.swift */,
				82360B622687568D00C6EA95 /* LoadingButtonView.swift */,
			);
			path = Utilities;
			sourceTree = "<group>";
		};
		82E8F2C8263D709100ED2375 /* OnBoardings */ = {
			isa = PBXGroup;
			children = (
				8253090A2686289000272F28 /* OptionalViews */,
				826AA1EE2636008E001EFDBB /* OnBoardingView.swift */,
				82E8F2D5263D724B00ED2375 /* OnBoardingStep.swift */,
			);
			path = OnBoardings;
			sourceTree = "<group>";
		};
		82E8F2C9263D70A200ED2375 /* Catalog */ = {
			isa = PBXGroup;
			children = (
				82E8F2CA263D70F300ED2375 /* NotificationApprovalView.swift */,
				82FC1227263DDDB400F73F4D /* LocationApprovalView.swift */,
				82FC122C263DDFF200F73F4D /* ChangeAddressView.swift */,
				82F195F1263E09990079FA8B /* SubViews */,
				82FC1231263DE6C700F73F4D /* CatalogHomeView.swift */,
				82F195FA263E114F0079FA8B /* CategoryDetailView.swift */,
				82D9CB7A2686D7F6005FFB62 /* CatalogDefaultSearchView.swift */,
				82D9CB792686D7E3005FFB62 /* New Group */,
			);
			path = Catalog;
			sourceTree = "<group>";
		};
		82EC593B2635EBDC009E5801 = {
			isa = PBXGroup;
			children = (
				82D9CB982686DDCE005FFB62 /* IBottomSheetView.swift */,
				82EC59462635EBDC009E5801 /* Ishop */,
				82EC595D2635EBDD009E5801 /* IshopTests */,
				82EC59682635EBDD009E5801 /* IshopUITests */,
				82EC59452635EBDC009E5801 /* Products */,
			);
			sourceTree = "<group>";
		};
		82EC59452635EBDC009E5801 /* Products */ = {
			isa = PBXGroup;
			children = (
				82EC59442635EBDC009E5801 /* Ishop.app */,
				82EC595A2635EBDD009E5801 /* IshopTests.xctest */,
				82EC59652635EBDD009E5801 /* IshopUITests.xctest */,
			);
			name = Products;
			sourceTree = "<group>";
		};
		82EC59462635EBDC009E5801 /* Ishop */ = {
			isa = PBXGroup;
			children = (
				82EC59472635EBDC009E5801 /* IshopApp.swift */,
				82EC59492635EBDC009E5801 /* ContentView.swift */,
				82FC1236263DE9A400F73F4D /* MainViewModel.swift */,
				82EC597F2635ED01009E5801 /* Views */,
				82EC597A2635EBEB009E5801 /* CoreDataView.swift */,
				82D9CB822686D9D8005FFB62 /* Extensions */,
				82D9CB972686DDC4005FFB62 /* Utilities */,
				82EC594B2635EBDD009E5801 /* Assets.xcassets */,
				82EC59502635EBDD009E5801 /* Persistence.swift */,
				82EC59552635EBDD009E5801 /* Info.plist */,
				82EC59522635EBDD009E5801 /* Ishop.xcdatamodeld */,
				82EC594D2635EBDD009E5801 /* Preview Content */,
			);
			path = Ishop;
			sourceTree = "<group>";
		};
		82EC594D2635EBDD009E5801 /* Preview Content */ = {
			isa = PBXGroup;
			children = (
				82EC594E2635EBDD009E5801 /* Preview Assets.xcassets */,
			);
			path = "Preview Content";
			sourceTree = "<group>";
		};
		82EC595D2635EBDD009E5801 /* IshopTests */ = {
			isa = PBXGroup;
			children = (
				82EC595E2635EBDD009E5801 /* IshopTests.swift */,
				82EC59602635EBDD009E5801 /* Info.plist */,
			);
			path = IshopTests;
			sourceTree = "<group>";
		};
		82EC59682635EBDD009E5801 /* IshopUITests */ = {
			isa = PBXGroup;
			children = (
				82EC59692635EBDD009E5801 /* IshopUITests.swift */,
				82EC596B2635EBDD009E5801 /* Info.plist */,
			);
			path = IshopUITests;
			sourceTree = "<group>";
		};
		82EC597F2635ED01009E5801 /* Views */ = {
			isa = PBXGroup;
			children = (
				82EC59802635ED0C009E5801 /* SpashScreenView.swift */,
				82B5D8462687603500432A00 /* Authentication */,
				82D9CB8B2686DA55005FFB62 /* Carts */,
				82E8F2C9263D70A200ED2375 /* Catalog */,
				82E8F2C8263D709100ED2375 /* OnBoardings */,
			);
			path = Views;
			sourceTree = "<group>";
		};
		82F195F1263E09990079FA8B /* SubViews */ = {
			isa = PBXGroup;
			children = (
				82F195F2263E09A30079FA8B /* BottomOrderCardView.swift */,
			);
			path = SubViews;
			sourceTree = "<group>";
		};
/* End PBXGroup section */

/* Begin PBXNativeTarget section */
		82EC59432635EBDC009E5801 /* Ishop */ = {
			isa = PBXNativeTarget;
			buildConfigurationList = 82EC596E2635EBDD009E5801 /* Build configuration list for PBXNativeTarget "Ishop" */;
			buildPhases = (
				82EC59402635EBDC009E5801 /* Sources */,
				82EC59412635EBDC009E5801 /* Frameworks */,
				82EC59422635EBDC009E5801 /* Resources */,
			);
			buildRules = (
			);
			dependencies = (
			);
			name = Ishop;
			productName = Ishop;
			productReference = 82EC59442635EBDC009E5801 /* Ishop.app */;
			productType = "com.apple.product-type.application";
		};
		82EC59592635EBDD009E5801 /* IshopTests */ = {
			isa = PBXNativeTarget;
			buildConfigurationList = 82EC59712635EBDD009E5801 /* Build configuration list for PBXNativeTarget "IshopTests" */;
			buildPhases = (
				82EC59562635EBDD009E5801 /* Sources */,
				82EC59572635EBDD009E5801 /* Frameworks */,
				82EC59582635EBDD009E5801 /* Resources */,
			);
			buildRules = (
			);
			dependencies = (
				82EC595C2635EBDD009E5801 /* PBXTargetDependency */,
			);
			name = IshopTests;
			productName = IshopTests;
			productReference = 82EC595A2635EBDD009E5801 /* IshopTests.xctest */;
			productType = "com.apple.product-type.bundle.unit-test";
		};
		82EC59642635EBDD009E5801 /* IshopUITests */ = {
			isa = PBXNativeTarget;
			buildConfigurationList = 82EC59742635EBDD009E5801 /* Build configuration list for PBXNativeTarget "IshopUITests" */;
			buildPhases = (
				82EC59612635EBDD009E5801 /* Sources */,
				82EC59622635EBDD009E5801 /* Frameworks */,
				82EC59632635EBDD009E5801 /* Resources */,
			);
			buildRules = (
			);
			dependencies = (
				82EC59672635EBDD009E5801 /* PBXTargetDependency */,
			);
			name = IshopUITests;
			productName = IshopUITests;
			productReference = 82EC59652635EBDD009E5801 /* IshopUITests.xctest */;
			productType = "com.apple.product-type.bundle.ui-testing";
		};
/* End PBXNativeTarget section */

/* Begin PBXProject section */
		82EC593C2635EBDC009E5801 /* Project object */ = {
			isa = PBXProject;
			attributes = {
				LastSwiftUpdateCheck = 1230;
				LastUpgradeCheck = 1230;
				TargetAttributes = {
					82EC59432635EBDC009E5801 = {
						CreatedOnToolsVersion = 12.3;
					};
					82EC59592635EBDD009E5801 = {
						CreatedOnToolsVersion = 12.3;
						TestTargetID = 82EC59432635EBDC009E5801;
					};
					82EC59642635EBDD009E5801 = {
						CreatedOnToolsVersion = 12.3;
						TestTargetID = 82EC59432635EBDC009E5801;
					};
				};
			};
			buildConfigurationList = 82EC593F2635EBDC009E5801 /* Build configuration list for PBXProject "IShop" */;
			compatibilityVersion = "Xcode 9.3";
			developmentRegion = en;
			hasScannedForEncodings = 0;
			knownRegions = (
				en,
				Base,
			);
			mainGroup = 82EC593B2635EBDC009E5801;
			productRefGroup = 82EC59452635EBDC009E5801 /* Products */;
			projectDirPath = "";
			projectRoot = "";
			targets = (
				82EC59432635EBDC009E5801 /* Ishop */,
				82EC59592635EBDD009E5801 /* IshopTests */,
				82EC59642635EBDD009E5801 /* IshopUITests */,
			);
		};
/* End PBXProject section */

/* Begin PBXResourcesBuildPhase section */
		82EC59422635EBDC009E5801 /* Resources */ = {
			isa = PBXResourcesBuildPhase;
			buildActionMask = 2147483647;
			files = (
				82EC594F2635EBDD009E5801 /* Preview Assets.xcassets in Resources */,
				82EC594C2635EBDD009E5801 /* Assets.xcassets in Resources */,
			);
			runOnlyForDeploymentPostprocessing = 0;
		};
		82EC59582635EBDD009E5801 /* Resources */ = {
			isa = PBXResourcesBuildPhase;
			buildActionMask = 2147483647;
			files = (
			);
			runOnlyForDeploymentPostprocessing = 0;
		};
		82EC59632635EBDD009E5801 /* Resources */ = {
			isa = PBXResourcesBuildPhase;
			buildActionMask = 2147483647;
			files = (
			);
			runOnlyForDeploymentPostprocessing = 0;
		};
/* End PBXResourcesBuildPhase section */

/* Begin PBXSourcesBuildPhase section */
		82EC59402635EBDC009E5801 /* Sources */ = {
			isa = PBXSourcesBuildPhase;
			buildActionMask = 2147483647;
			files = (
				82E8F2CB263D70F300ED2375 /* NotificationApprovalView.swift in Sources */,
				82EC59512635EBDD009E5801 /* Persistence.swift in Sources */,
				82B5D858268761AC00432A00 /* CodeVerificationView.swift in Sources */,
				82F195F3263E09A30079FA8B /* BottomOrderCardView.swift in Sources */,
				82D9CBA32686DFA7005FFB62 /* Image_Extensions.swift in Sources */,
				82B5D8502687606300432A00 /* AuthorizationWaysBottomSheet.swift in Sources */,
				82EC59542635EBDD009E5801 /* Ishop.xcdatamodeld in Sources */,
				82FC1232263DE6C700F73F4D /* CatalogHomeView.swift in Sources */,
				82F195FB263E114F0079FA8B /* CategoryDetailView.swift in Sources */,
				826AA1EF2636008E001EFDBB /* OnBoardingView.swift in Sources */,
				82360B632687568D00C6EA95 /* LoadingButtonView.swift in Sources */,
				82D9CBB92686EA6F005FFB62 /* AccountDetails.swift in Sources */,
				82FC1237263DE9A400F73F4D /* MainViewModel.swift in Sources */,
				82FC1228263DDDB400F73F4D /* LocationApprovalView.swift in Sources */,
				82EC59812635ED0C009E5801 /* SpashScreenView.swift in Sources */,
				82D9CB842686D9E8005FFB62 /* View+Extensions.swift in Sources */,
				82D9CB9E2686DF74005FFB62 /* TopNavigationHeaderView.swift in Sources */,
				8253090C268628B500272F28 /* AboutUsView.swift in Sources */,
				82EC594A2635EBDC009E5801 /* ContentView.swift in Sources */,
				82FC122D263DDFF200F73F4D /* ChangeAddressView.swift in Sources */,
				82EC59482635EBDC009E5801 /* IshopApp.swift in Sources */,
				82E8F2D6263D724B00ED2375 /* OnBoardingStep.swift in Sources */,
				82D9CB7B2686D7F6005FFB62 /* CatalogDefaultSearchView.swift in Sources */,
				82D9CB8D2686DA60005FFB62 /* CartView.swift in Sources */,
				82EC597B2635EBEB009E5801 /* CoreDataView.swift in Sources */,
				82D9CB992686DDCE005FFB62 /* IBottomSheetView.swift in Sources */,
				82D9CBBE2686EB13005FFB62 /* Color_Extensions.swift in Sources */,
				82360B6C268758F400C6EA95 /* CardPaymentview.swift in Sources */,
			);
			runOnlyForDeploymentPostprocessing = 0;
		};
		82EC59562635EBDD009E5801 /* Sources */ = {
			isa = PBXSourcesBuildPhase;
			buildActionMask = 2147483647;
			files = (
				82EC595F2635EBDD009E5801 /* IshopTests.swift in Sources */,
			);
			runOnlyForDeploymentPostprocessing = 0;
		};
		82EC59612635EBDD009E5801 /* Sources */ = {
			isa = PBXSourcesBuildPhase;
			buildActionMask = 2147483647;
			files = (
				82EC596A2635EBDD009E5801 /* IshopUITests.swift in Sources */,
			);
			runOnlyForDeploymentPostprocessing = 0;
		};
/* End PBXSourcesBuildPhase section */

/* Begin PBXTargetDependency section */
		82EC595C2635EBDD009E5801 /* PBXTargetDependency */ = {
			isa = PBXTargetDependency;
			target = 82EC59432635EBDC009E5801 /* Ishop */;
			targetProxy = 82EC595B2635EBDD009E5801 /* PBXContainerItemProxy */;
		};
		82EC59672635EBDD009E5801 /* PBXTargetDependency */ = {
			isa = PBXTargetDependency;
			target = 82EC59432635EBDC009E5801 /* Ishop */;
			targetProxy = 82EC59662635EBDD009E5801 /* PBXContainerItemProxy */;
		};
/* End PBXTargetDependency section */

/* Begin XCBuildConfiguration section */
		82EC596C2635EBDD009E5801 /* Debug */ = {
			isa = XCBuildConfiguration;
			buildSettings = {
				ALWAYS_SEARCH_USER_PATHS = NO;
				CLANG_ANALYZER_NONNULL = YES;
				CLANG_ANALYZER_NUMBER_OBJECT_CONVERSION = YES_AGGRESSIVE;
				CLANG_CXX_LANGUAGE_STANDARD = "gnu++14";
				CLANG_CXX_LIBRARY = "libc++";
				CLANG_ENABLE_MODULES = YES;
				CLANG_ENABLE_OBJC_ARC = YES;
				CLANG_ENABLE_OBJC_WEAK = YES;
				CLANG_WARN_BLOCK_CAPTURE_AUTORELEASING = YES;
				CLANG_WARN_BOOL_CONVERSION = YES;
				CLANG_WARN_COMMA = YES;
				CLANG_WARN_CONSTANT_CONVERSION = YES;
				CLANG_WARN_DEPRECATED_OBJC_IMPLEMENTATIONS = YES;
				CLANG_WARN_DIRECT_OBJC_ISA_USAGE = YES_ERROR;
				CLANG_WARN_DOCUMENTATION_COMMENTS = YES;
				CLANG_WARN_EMPTY_BODY = YES;
				CLANG_WARN_ENUM_CONVERSION = YES;
				CLANG_WARN_INFINITE_RECURSION = YES;
				CLANG_WARN_INT_CONVERSION = YES;
				CLANG_WARN_NON_LITERAL_NULL_CONVERSION = YES;
				CLANG_WARN_OBJC_IMPLICIT_RETAIN_SELF = YES;
				CLANG_WARN_OBJC_LITERAL_CONVERSION = YES;
				CLANG_WARN_OBJC_ROOT_CLASS = YES_ERROR;
				CLANG_WARN_QUOTED_INCLUDE_IN_FRAMEWORK_HEADER = YES;
				CLANG_WARN_RANGE_LOOP_ANALYSIS = YES;
				CLANG_WARN_STRICT_PROTOTYPES = YES;
				CLANG_WARN_SUSPICIOUS_MOVE = YES;
				CLANG_WARN_UNGUARDED_AVAILABILITY = YES_AGGRESSIVE;
				CLANG_WARN_UNREACHABLE_CODE = YES;
				CLANG_WARN__DUPLICATE_METHOD_MATCH = YES;
				COPY_PHASE_STRIP = NO;
				DEBUG_INFORMATION_FORMAT = dwarf;
				ENABLE_STRICT_OBJC_MSGSEND = YES;
				ENABLE_TESTABILITY = YES;
				GCC_C_LANGUAGE_STANDARD = gnu11;
				GCC_DYNAMIC_NO_PIC = NO;
				GCC_NO_COMMON_BLOCKS = YES;
				GCC_OPTIMIZATION_LEVEL = 0;
				GCC_PREPROCESSOR_DEFINITIONS = (
					"DEBUG=1",
					"$(inherited)",
				);
				GCC_WARN_64_TO_32_BIT_CONVERSION = YES;
				GCC_WARN_ABOUT_RETURN_TYPE = YES_ERROR;
				GCC_WARN_UNDECLARED_SELECTOR = YES;
				GCC_WARN_UNINITIALIZED_AUTOS = YES_AGGRESSIVE;
				GCC_WARN_UNUSED_FUNCTION = YES;
				GCC_WARN_UNUSED_VARIABLE = YES;
				IPHONEOS_DEPLOYMENT_TARGET = 14.3;
				MTL_ENABLE_DEBUG_INFO = INCLUDE_SOURCE;
				MTL_FAST_MATH = YES;
				ONLY_ACTIVE_ARCH = YES;
				SDKROOT = iphoneos;
				SWIFT_ACTIVE_COMPILATION_CONDITIONS = DEBUG;
				SWIFT_OPTIMIZATION_LEVEL = "-Onone";
			};
			name = Debug;
		};
		82EC596D2635EBDD009E5801 /* Release */ = {
			isa = XCBuildConfiguration;
			buildSettings = {
				ALWAYS_SEARCH_USER_PATHS = NO;
				CLANG_ANALYZER_NONNULL = YES;
				CLANG_ANALYZER_NUMBER_OBJECT_CONVERSION = YES_AGGRESSIVE;
				CLANG_CXX_LANGUAGE_STANDARD = "gnu++14";
				CLANG_CXX_LIBRARY = "libc++";
				CLANG_ENABLE_MODULES = YES;
				CLANG_ENABLE_OBJC_ARC = YES;
				CLANG_ENABLE_OBJC_WEAK = YES;
				CLANG_WARN_BLOCK_CAPTURE_AUTORELEASING = YES;
				CLANG_WARN_BOOL_CONVERSION = YES;
				CLANG_WARN_COMMA = YES;
				CLANG_WARN_CONSTANT_CONVERSION = YES;
				CLANG_WARN_DEPRECATED_OBJC_IMPLEMENTATIONS = YES;
				CLANG_WARN_DIRECT_OBJC_ISA_USAGE = YES_ERROR;
				CLANG_WARN_DOCUMENTATION_COMMENTS = YES;
				CLANG_WARN_EMPTY_BODY = YES;
				CLANG_WARN_ENUM_CONVERSION = YES;
				CLANG_WARN_INFINITE_RECURSION = YES;
				CLANG_WARN_INT_CONVERSION = YES;
				CLANG_WARN_NON_LITERAL_NULL_CONVERSION = YES;
				CLANG_WARN_OBJC_IMPLICIT_RETAIN_SELF = YES;
				CLANG_WARN_OBJC_LITERAL_CONVERSION = YES;
				CLANG_WARN_OBJC_ROOT_CLASS = YES_ERROR;
				CLANG_WARN_QUOTED_INCLUDE_IN_FRAMEWORK_HEADER = YES;
				CLANG_WARN_RANGE_LOOP_ANALYSIS = YES;
				CLANG_WARN_STRICT_PROTOTYPES = YES;
				CLANG_WARN_SUSPICIOUS_MOVE = YES;
				CLANG_WARN_UNGUARDED_AVAILABILITY = YES_AGGRESSIVE;
				CLANG_WARN_UNREACHABLE_CODE = YES;
				CLANG_WARN__DUPLICATE_METHOD_MATCH = YES;
				COPY_PHASE_STRIP = NO;
				DEBUG_INFORMATION_FORMAT = "dwarf-with-dsym";
				ENABLE_NS_ASSERTIONS = NO;
				ENABLE_STRICT_OBJC_MSGSEND = YES;
				GCC_C_LANGUAGE_STANDARD = gnu11;
				GCC_NO_COMMON_BLOCKS = YES;
				GCC_WARN_64_TO_32_BIT_CONVERSION = YES;
				GCC_WARN_ABOUT_RETURN_TYPE = YES_ERROR;
				GCC_WARN_UNDECLARED_SELECTOR = YES;
				GCC_WARN_UNINITIALIZED_AUTOS = YES_AGGRESSIVE;
				GCC_WARN_UNUSED_FUNCTION = YES;
				GCC_WARN_UNUSED_VARIABLE = YES;
				IPHONEOS_DEPLOYMENT_TARGET = 14.3;
				MTL_ENABLE_DEBUG_INFO = NO;
				MTL_FAST_MATH = YES;
				SDKROOT = iphoneos;
				SWIFT_COMPILATION_MODE = wholemodule;
				SWIFT_OPTIMIZATION_LEVEL = "-O";
				VALIDATE_PRODUCT = YES;
			};
			name = Release;
		};
		82EC596F2635EBDD009E5801 /* Debug */ = {
			isa = XCBuildConfiguration;
			buildSettings = {
				ASSETCATALOG_COMPILER_APPICON_NAME = AppIcon;
				ASSETCATALOG_COMPILER_GLOBAL_ACCENT_COLOR_NAME = AccentColor;
				CODE_SIGN_STYLE = Automatic;
				DEVELOPMENT_ASSET_PATHS = "\"Ishop/Preview Content\"";
				DEVELOPMENT_TEAM = 9C9R36NYWY;
				ENABLE_PREVIEWS = YES;
				INFOPLIST_FILE = Ishop/Info.plist;
				IPHONEOS_DEPLOYMENT_TARGET = 14.0;
				LD_RUNPATH_SEARCH_PATHS = (
					"$(inherited)",
					"@executable_path/Frameworks",
				);
				PRODUCT_BUNDLE_IDENTIFIER = com.cedo.Ishop.Ishop;
				PRODUCT_NAME = "$(TARGET_NAME)";
				SWIFT_VERSION = 5.0;
				TARGETED_DEVICE_FAMILY = "1,2";
			};
			name = Debug;
		};
		82EC59702635EBDD009E5801 /* Release */ = {
			isa = XCBuildConfiguration;
			buildSettings = {
				ASSETCATALOG_COMPILER_APPICON_NAME = AppIcon;
				ASSETCATALOG_COMPILER_GLOBAL_ACCENT_COLOR_NAME = AccentColor;
				CODE_SIGN_STYLE = Automatic;
				DEVELOPMENT_ASSET_PATHS = "\"Ishop/Preview Content\"";
				DEVELOPMENT_TEAM = 9C9R36NYWY;
				ENABLE_PREVIEWS = YES;
				INFOPLIST_FILE = Ishop/Info.plist;
				IPHONEOS_DEPLOYMENT_TARGET = 14.0;
				LD_RUNPATH_SEARCH_PATHS = (
					"$(inherited)",
					"@executable_path/Frameworks",
				);
				PRODUCT_BUNDLE_IDENTIFIER = com.cedo.Ishop.Ishop;
				PRODUCT_NAME = "$(TARGET_NAME)";
				SWIFT_VERSION = 5.0;
				TARGETED_DEVICE_FAMILY = "1,2";
			};
			name = Release;
		};
		82EC59722635EBDD009E5801 /* Debug */ = {
			isa = XCBuildConfiguration;
			buildSettings = {
				ALWAYS_EMBED_SWIFT_STANDARD_LIBRARIES = YES;
				BUNDLE_LOADER = "$(TEST_HOST)";
				CODE_SIGN_STYLE = Automatic;
				INFOPLIST_FILE = IshopTests/Info.plist;
				IPHONEOS_DEPLOYMENT_TARGET = 14.0;
				LD_RUNPATH_SEARCH_PATHS = (
					"$(inherited)",
					"@executable_path/Frameworks",
					"@loader_path/Frameworks",
				);
				PRODUCT_BUNDLE_IDENTIFIER = com.cedo.Ishop.IshopTests;
				PRODUCT_NAME = "$(TARGET_NAME)";
				SWIFT_VERSION = 5.0;
				TARGETED_DEVICE_FAMILY = "1,2";
				TEST_HOST = "$(BUILT_PRODUCTS_DIR)/Ishop.app/Ishop";
			};
			name = Debug;
		};
		82EC59732635EBDD009E5801 /* Release */ = {
			isa = XCBuildConfiguration;
			buildSettings = {
				ALWAYS_EMBED_SWIFT_STANDARD_LIBRARIES = YES;
				BUNDLE_LOADER = "$(TEST_HOST)";
				CODE_SIGN_STYLE = Automatic;
				INFOPLIST_FILE = IshopTests/Info.plist;
				IPHONEOS_DEPLOYMENT_TARGET = 14.0;
				LD_RUNPATH_SEARCH_PATHS = (
					"$(inherited)",
					"@executable_path/Frameworks",
					"@loader_path/Frameworks",
				);
				PRODUCT_BUNDLE_IDENTIFIER = com.cedo.Ishop.IshopTests;
				PRODUCT_NAME = "$(TARGET_NAME)";
				SWIFT_VERSION = 5.0;
				TARGETED_DEVICE_FAMILY = "1,2";
				TEST_HOST = "$(BUILT_PRODUCTS_DIR)/Ishop.app/Ishop";
			};
			name = Release;
		};
		82EC59752635EBDD009E5801 /* Debug */ = {
			isa = XCBuildConfiguration;
			buildSettings = {
				ALWAYS_EMBED_SWIFT_STANDARD_LIBRARIES = YES;
				CODE_SIGN_STYLE = Automatic;
				INFOPLIST_FILE = IshopUITests/Info.plist;
				LD_RUNPATH_SEARCH_PATHS = (
					"$(inherited)",
					"@executable_path/Frameworks",
					"@loader_path/Frameworks",
				);
				PRODUCT_BUNDLE_IDENTIFIER = com.cedo.Ishop.IshopUITests;
				PRODUCT_NAME = "$(TARGET_NAME)";
				SWIFT_VERSION = 5.0;
				TARGETED_DEVICE_FAMILY = "1,2";
				TEST_TARGET_NAME = Ishop;
			};
			name = Debug;
		};
		82EC59762635EBDD009E5801 /* Release */ = {
			isa = XCBuildConfiguration;
			buildSettings = {
				ALWAYS_EMBED_SWIFT_STANDARD_LIBRARIES = YES;
				CODE_SIGN_STYLE = Automatic;
				INFOPLIST_FILE = IshopUITests/Info.plist;
				LD_RUNPATH_SEARCH_PATHS = (
					"$(inherited)",
					"@executable_path/Frameworks",
					"@loader_path/Frameworks",
				);
				PRODUCT_BUNDLE_IDENTIFIER = com.cedo.Ishop.IshopUITests;
				PRODUCT_NAME = "$(TARGET_NAME)";
				SWIFT_VERSION = 5.0;
				TARGETED_DEVICE_FAMILY = "1,2";
				TEST_TARGET_NAME = Ishop;
			};
			name = Release;
		};
/* End XCBuildConfiguration section */

/* Begin XCConfigurationList section */
		82EC593F2635EBDC009E5801 /* Build configuration list for PBXProject "IShop" */ = {
			isa = XCConfigurationList;
			buildConfigurations = (
				82EC596C2635EBDD009E5801 /* Debug */,
				82EC596D2635EBDD009E5801 /* Release */,
			);
			defaultConfigurationIsVisible = 0;
			defaultConfigurationName = Release;
		};
		82EC596E2635EBDD009E5801 /* Build configuration list for PBXNativeTarget "Ishop" */ = {
			isa = XCConfigurationList;
			buildConfigurations = (
				82EC596F2635EBDD009E5801 /* Debug */,
				82EC59702635EBDD009E5801 /* Release */,
			);
			defaultConfigurationIsVisible = 0;
			defaultConfigurationName = Release;
		};
		82EC59712635EBDD009E5801 /* Build configuration list for PBXNativeTarget "IshopTests" */ = {
			isa = XCConfigurationList;
			buildConfigurations = (
				82EC59722635EBDD009E5801 /* Debug */,
				82EC59732635EBDD009E5801 /* Release */,
			);
			defaultConfigurationIsVisible = 0;
			defaultConfigurationName = Release;
		};
		82EC59742635EBDD009E5801 /* Build configuration list for PBXNativeTarget "IshopUITests" */ = {
			isa = XCConfigurationList;
			buildConfigurations = (
				82EC59752635EBDD009E5801 /* Debug */,
				82EC59762635EBDD009E5801 /* Release */,
			);
			defaultConfigurationIsVisible = 0;
			defaultConfigurationName = Release;
		};
/* End XCConfigurationList section */

/* Begin XCVersionGroup section */
		82EC59522635EBDD009E5801 /* Ishop.xcdatamodeld */ = {
			isa = XCVersionGroup;
			children = (
				82EC59532635EBDD009E5801 /* Ishop.xcdatamodel */,
			);
			currentVersion = 82EC59532635EBDD009E5801 /* Ishop.xcdatamodel */;
			path = Ishop.xcdatamodeld;
			sourceTree = "<group>";
			versionGroupType = wrapper.xcdatamodel;
		};
/* End XCVersionGroup section */
	};
	rootObject = 82EC593C2635EBDC009E5801 /* Project object */;
}
